// !$*UTF8*$!
{
	archiveVersion = 1;
	classes = {
	};
	objectVersion = 56;
	objects = {

/* Begin PBXBuildFile section */
		6371D3142A3022BC00DBABFC /* Cube+Solved.swift in Sources */ = {isa = PBXBuildFile; fileRef = 6371D3132A3022BC00DBABFC /* Cube+Solved.swift */; };
		6371D3162A3022DC00DBABFC /* Cube+Solvable.swift in Sources */ = {isa = PBXBuildFile; fileRef = 6371D3152A3022DC00DBABFC /* Cube+Solvable.swift */; };
		6371D3182A30231200DBABFC /* Cube+Turn.swift in Sources */ = {isa = PBXBuildFile; fileRef = 6371D3172A30231200DBABFC /* Cube+Turn.swift */; };
		6371D31D2A31457200DBABFC /* Edge.swift in Sources */ = {isa = PBXBuildFile; fileRef = 6371D31C2A31457200DBABFC /* Edge.swift */; };
		6371D31F2A31459000DBABFC /* Corner.swift in Sources */ = {isa = PBXBuildFile; fileRef = 6371D31E2A31459000DBABFC /* Corner.swift */; };
		6371D3212A3145A800DBABFC /* Edge+Flip.swift in Sources */ = {isa = PBXBuildFile; fileRef = 6371D3202A3145A800DBABFC /* Edge+Flip.swift */; };
		6371D3232A3145B400DBABFC /* Corner+Twist.swift in Sources */ = {isa = PBXBuildFile; fileRef = 6371D3222A3145B400DBABFC /* Corner+Twist.swift */; };
		6371D3272A314D3600DBABFC /* EdgePosition.swift in Sources */ = {isa = PBXBuildFile; fileRef = 6371D3262A314D3600DBABFC /* EdgePosition.swift */; };
		6371D3292A314D4700DBABFC /* CornerPosition.swift in Sources */ = {isa = PBXBuildFile; fileRef = 6371D3282A314D4700DBABFC /* CornerPosition.swift */; };
		6371D32B2A314D7B00DBABFC /* EdgeOrientation.swift in Sources */ = {isa = PBXBuildFile; fileRef = 6371D32A2A314D7B00DBABFC /* EdgeOrientation.swift */; };
		6371D32D2A314D8B00DBABFC /* CornerOrientation.swift in Sources */ = {isa = PBXBuildFile; fileRef = 6371D32C2A314D8B00DBABFC /* CornerOrientation.swift */; };
		6371D32F2A3168B300DBABFC /* rubikSolvedTests.swift in Sources */ = {isa = PBXBuildFile; fileRef = 6371D32E2A3168B300DBABFC /* rubikSolvedTests.swift */; };
		6371D3312A3168F200DBABFC /* rubikSolvableTests.swift in Sources */ = {isa = PBXBuildFile; fileRef = 6371D3302A3168F200DBABFC /* rubikSolvableTests.swift */; };
		6371D3332A31692A00DBABFC /* rubikTurnTests.swift in Sources */ = {isa = PBXBuildFile; fileRef = 6371D3322A31692A00DBABFC /* rubikTurnTests.swift */; };
		638248A22A1D9E19006058B8 /* CameraView.swift in Sources */ = {isa = PBXBuildFile; fileRef = 638248A12A1D9E19006058B8 /* CameraView.swift */; };
		6383B57E2A2ADB5C004E64DE /* Cube.swift in Sources */ = {isa = PBXBuildFile; fileRef = 6383B57D2A2ADB5B004E64DE /* Cube.swift */; };
		6383B5892A2AEDB4004E64DE /* rubikTests.swift in Sources */ = {isa = PBXBuildFile; fileRef = 6383B5882A2AEDB4004E64DE /* rubikTests.swift */; };
		6383B5902A2D39D8004E64DE /* Cubelet.swift in Sources */ = {isa = PBXBuildFile; fileRef = 6383B58F2A2D39D8004E64DE /* Cubelet.swift */; };
		6390D4BE2A2EC15B0074EEBD /* Turn.swift in Sources */ = {isa = PBXBuildFile; fileRef = 6390D4BD2A2EC15B0074EEBD /* Turn.swift */; };
		6390D4C02A2ED6910074EEBD /* Array+PositionSubscript.swift in Sources */ = {isa = PBXBuildFile; fileRef = 6390D4BF2A2ED6910074EEBD /* Array+PositionSubscript.swift */; };
		63FE27152A1B21FE00FD0242 /* rubikApp.swift in Sources */ = {isa = PBXBuildFile; fileRef = 63FE27142A1B21FE00FD0242 /* rubikApp.swift */; };
		63FE27172A1B21FE00FD0242 /* RootView.swift in Sources */ = {isa = PBXBuildFile; fileRef = 63FE27162A1B21FE00FD0242 /* RootView.swift */; };
		63FE27192A1B220100FD0242 /* Assets.xcassets in Resources */ = {isa = PBXBuildFile; fileRef = 63FE27182A1B220100FD0242 /* Assets.xcassets */; };
		63FE271C2A1B220100FD0242 /* Preview Assets.xcassets in Resources */ = {isa = PBXBuildFile; fileRef = 63FE271B2A1B220100FD0242 /* Preview Assets.xcassets */; };
/* End PBXBuildFile section */

/* Begin PBXContainerItemProxy section */
		6383B58A2A2AEDB4004E64DE /* PBXContainerItemProxy */ = {
			isa = PBXContainerItemProxy;
			containerPortal = 63FE27092A1B21FE00FD0242 /* Project object */;
			proxyType = 1;
			remoteGlobalIDString = 63FE27102A1B21FE00FD0242;
			remoteInfo = rubik;
		};
/* End PBXContainerItemProxy section */

/* Begin PBXFileReference section */
		6371D3132A3022BC00DBABFC /* Cube+Solved.swift */ = {isa = PBXFileReference; lastKnownFileType = sourcecode.swift; path = "Cube+Solved.swift"; sourceTree = "<group>"; };
		6371D3152A3022DC00DBABFC /* Cube+Solvable.swift */ = {isa = PBXFileReference; lastKnownFileType = sourcecode.swift; path = "Cube+Solvable.swift"; sourceTree = "<group>"; };
		6371D3172A30231200DBABFC /* Cube+Turn.swift */ = {isa = PBXFileReference; lastKnownFileType = sourcecode.swift; path = "Cube+Turn.swift"; sourceTree = "<group>"; };
		6371D31C2A31457200DBABFC /* Edge.swift */ = {isa = PBXFileReference; lastKnownFileType = sourcecode.swift; path = Edge.swift; sourceTree = "<group>"; };
		6371D31E2A31459000DBABFC /* Corner.swift */ = {isa = PBXFileReference; lastKnownFileType = sourcecode.swift; path = Corner.swift; sourceTree = "<group>"; };
		6371D3202A3145A800DBABFC /* Edge+Flip.swift */ = {isa = PBXFileReference; lastKnownFileType = sourcecode.swift; path = "Edge+Flip.swift"; sourceTree = "<group>"; };
		6371D3222A3145B400DBABFC /* Corner+Twist.swift */ = {isa = PBXFileReference; lastKnownFileType = sourcecode.swift; path = "Corner+Twist.swift"; sourceTree = "<group>"; };
		6371D3262A314D3600DBABFC /* EdgePosition.swift */ = {isa = PBXFileReference; lastKnownFileType = sourcecode.swift; path = EdgePosition.swift; sourceTree = "<group>"; };
		6371D3282A314D4700DBABFC /* CornerPosition.swift */ = {isa = PBXFileReference; lastKnownFileType = sourcecode.swift; path = CornerPosition.swift; sourceTree = "<group>"; };
		6371D32A2A314D7B00DBABFC /* EdgeOrientation.swift */ = {isa = PBXFileReference; lastKnownFileType = sourcecode.swift; path = EdgeOrientation.swift; sourceTree = "<group>"; };
		6371D32C2A314D8B00DBABFC /* CornerOrientation.swift */ = {isa = PBXFileReference; lastKnownFileType = sourcecode.swift; path = CornerOrientation.swift; sourceTree = "<group>"; };
		6371D32E2A3168B300DBABFC /* rubikSolvedTests.swift */ = {isa = PBXFileReference; lastKnownFileType = sourcecode.swift; path = rubikSolvedTests.swift; sourceTree = "<group>"; };
		6371D3302A3168F200DBABFC /* rubikSolvableTests.swift */ = {isa = PBXFileReference; lastKnownFileType = sourcecode.swift; path = rubikSolvableTests.swift; sourceTree = "<group>"; };
		6371D3322A31692A00DBABFC /* rubikTurnTests.swift */ = {isa = PBXFileReference; lastKnownFileType = sourcecode.swift; path = rubikTurnTests.swift; sourceTree = "<group>"; };
		638248A12A1D9E19006058B8 /* CameraView.swift */ = {isa = PBXFileReference; lastKnownFileType = sourcecode.swift; path = CameraView.swift; sourceTree = "<group>"; };
		6383B57D2A2ADB5B004E64DE /* Cube.swift */ = {isa = PBXFileReference; fileEncoding = 4; lastKnownFileType = sourcecode.swift; path = Cube.swift; sourceTree = "<group>"; };
		6383B5862A2AEDB4004E64DE /* rubikTests.xctest */ = {isa = PBXFileReference; explicitFileType = wrapper.cfbundle; includeInIndex = 0; path = rubikTests.xctest; sourceTree = BUILT_PRODUCTS_DIR; };
		6383B5882A2AEDB4004E64DE /* rubikTests.swift */ = {isa = PBXFileReference; lastKnownFileType = sourcecode.swift; path = rubikTests.swift; sourceTree = "<group>"; };
		6383B58F2A2D39D8004E64DE /* Cubelet.swift */ = {isa = PBXFileReference; lastKnownFileType = sourcecode.swift; path = Cubelet.swift; sourceTree = "<group>"; };
		6390D4BD2A2EC15B0074EEBD /* Turn.swift */ = {isa = PBXFileReference; lastKnownFileType = sourcecode.swift; path = Turn.swift; sourceTree = "<group>"; };
		6390D4BF2A2ED6910074EEBD /* Array+PositionSubscript.swift */ = {isa = PBXFileReference; lastKnownFileType = sourcecode.swift; path = "Array+PositionSubscript.swift"; sourceTree = "<group>"; };
		63FE27112A1B21FE00FD0242 /* rubik.app */ = {isa = PBXFileReference; explicitFileType = wrapper.application; includeInIndex = 0; path = rubik.app; sourceTree = BUILT_PRODUCTS_DIR; };
		63FE27142A1B21FE00FD0242 /* rubikApp.swift */ = {isa = PBXFileReference; lastKnownFileType = sourcecode.swift; path = rubikApp.swift; sourceTree = "<group>"; };
		63FE27162A1B21FE00FD0242 /* RootView.swift */ = {isa = PBXFileReference; lastKnownFileType = sourcecode.swift; path = RootView.swift; sourceTree = "<group>"; };
		63FE27182A1B220100FD0242 /* Assets.xcassets */ = {isa = PBXFileReference; lastKnownFileType = folder.assetcatalog; path = Assets.xcassets; sourceTree = "<group>"; };
		63FE271B2A1B220100FD0242 /* Preview Assets.xcassets */ = {isa = PBXFileReference; lastKnownFileType = folder.assetcatalog; path = "Preview Assets.xcassets"; sourceTree = "<group>"; };
/* End PBXFileReference section */

/* Begin PBXFrameworksBuildPhase section */
		6383B5832A2AEDB4004E64DE /* Frameworks */ = {
			isa = PBXFrameworksBuildPhase;
			buildActionMask = 2147483647;
			files = (
			);
			runOnlyForDeploymentPostprocessing = 0;
		};
		63FE270E2A1B21FE00FD0242 /* Frameworks */ = {
			isa = PBXFrameworksBuildPhase;
			buildActionMask = 2147483647;
			files = (
			);
			runOnlyForDeploymentPostprocessing = 0;
		};
/* End PBXFrameworksBuildPhase section */

/* Begin PBXGroup section */
		6371D3122A30227B00DBABFC /* Cube */ = {
			isa = PBXGroup;
			children = (
				6383B57D2A2ADB5B004E64DE /* Cube.swift */,
				6371D3132A3022BC00DBABFC /* Cube+Solved.swift */,
				6371D3152A3022DC00DBABFC /* Cube+Solvable.swift */,
				6371D3172A30231200DBABFC /* Cube+Turn.swift */,
			);
			path = Cube;
			sourceTree = "<group>";
		};
		6371D3192A30249800DBABFC /* Extensions */ = {
			isa = PBXGroup;
			children = (
				6390D4BF2A2ED6910074EEBD /* Array+PositionSubscript.swift */,
			);
			path = Extensions;
			sourceTree = "<group>";
		};
		6371D31B2A31456100DBABFC /* Cubelet */ = {
			isa = PBXGroup;
			children = (
				6371D3252A3145C400DBABFC /* Corner */,
				6371D3242A3145BA00DBABFC /* Edge */,
				6383B58F2A2D39D8004E64DE /* Cubelet.swift */,
			);
			path = Cubelet;
			sourceTree = "<group>";
		};
		6371D3242A3145BA00DBABFC /* Edge */ = {
			isa = PBXGroup;
			children = (
				6371D3202A3145A800DBABFC /* Edge+Flip.swift */,
				6371D31C2A31457200DBABFC /* Edge.swift */,
				6371D3262A314D3600DBABFC /* EdgePosition.swift */,
				6371D32A2A314D7B00DBABFC /* EdgeOrientation.swift */,
			);
			path = Edge;
			sourceTree = "<group>";
		};
		6371D3252A3145C400DBABFC /* Corner */ = {
			isa = PBXGroup;
			children = (
				6371D3222A3145B400DBABFC /* Corner+Twist.swift */,
				6371D31E2A31459000DBABFC /* Corner.swift */,
				6371D3282A314D4700DBABFC /* CornerPosition.swift */,
				6371D32C2A314D8B00DBABFC /* CornerOrientation.swift */,
			);
			path = Corner;
			sourceTree = "<group>";
		};
		638248A02A1D9CCC006058B8 /* Views */ = {
			isa = PBXGroup;
			children = (
				63FE27162A1B21FE00FD0242 /* RootView.swift */,
				638248A12A1D9E19006058B8 /* CameraView.swift */,
			);
			path = Views;
			sourceTree = "<group>";
		};
		6383B57C2A2ADB5B004E64DE /* Logic */ = {
			isa = PBXGroup;
			children = (
				6371D3192A30249800DBABFC /* Extensions */,
				6371D31B2A31456100DBABFC /* Cubelet */,
				6371D3122A30227B00DBABFC /* Cube */,
				6390D4BD2A2EC15B0074EEBD /* Turn.swift */,
			);
			name = Logic;
			path = rubik/Logic;
			sourceTree = "<group>";
		};
		6383B5872A2AEDB4004E64DE /* rubikTests */ = {
			isa = PBXGroup;
			children = (
				6383B5882A2AEDB4004E64DE /* rubikTests.swift */,
				6371D32E2A3168B300DBABFC /* rubikSolvedTests.swift */,
				6371D3302A3168F200DBABFC /* rubikSolvableTests.swift */,
				6371D3322A31692A00DBABFC /* rubikTurnTests.swift */,
			);
			path = rubikTests;
			sourceTree = "<group>";
		};
		63FE27082A1B21FE00FD0242 = {
			isa = PBXGroup;
			children = (
				6383B57C2A2ADB5B004E64DE /* Logic */,
				63FE27132A1B21FE00FD0242 /* rubik */,
				6383B5872A2AEDB4004E64DE /* rubikTests */,
				63FE27122A1B21FE00FD0242 /* Products */,
			);
			sourceTree = "<group>";
		};
		63FE27122A1B21FE00FD0242 /* Products */ = {
			isa = PBXGroup;
			children = (
				63FE27112A1B21FE00FD0242 /* rubik.app */,
				6383B5862A2AEDB4004E64DE /* rubikTests.xctest */,
			);
			name = Products;
			sourceTree = "<group>";
		};
		63FE27132A1B21FE00FD0242 /* rubik */ = {
			isa = PBXGroup;
			children = (
				638248A02A1D9CCC006058B8 /* Views */,
				63FE27142A1B21FE00FD0242 /* rubikApp.swift */,
				63FE27182A1B220100FD0242 /* Assets.xcassets */,
				63FE271A2A1B220100FD0242 /* Preview Content */,
			);
			path = rubik;
			sourceTree = "<group>";
		};
		63FE271A2A1B220100FD0242 /* Preview Content */ = {
			isa = PBXGroup;
			children = (
				63FE271B2A1B220100FD0242 /* Preview Assets.xcassets */,
			);
			path = "Preview Content";
			sourceTree = "<group>";
		};
/* End PBXGroup section */

/* Begin PBXNativeTarget section */
		6383B5852A2AEDB4004E64DE /* rubikTests */ = {
			isa = PBXNativeTarget;
			buildConfigurationList = 6383B58C2A2AEDB4004E64DE /* Build configuration list for PBXNativeTarget "rubikTests" */;
			buildPhases = (
				6383B5822A2AEDB4004E64DE /* Sources */,
				6383B5832A2AEDB4004E64DE /* Frameworks */,
				6383B5842A2AEDB4004E64DE /* Resources */,
			);
			buildRules = (
			);
			dependencies = (
				6383B58B2A2AEDB4004E64DE /* PBXTargetDependency */,
			);
			name = rubikTests;
			productName = rubikTests;
			productReference = 6383B5862A2AEDB4004E64DE /* rubikTests.xctest */;
			productType = "com.apple.product-type.bundle.unit-test";
		};
		63FE27102A1B21FE00FD0242 /* rubik */ = {
			isa = PBXNativeTarget;
			buildConfigurationList = 63FE271F2A1B220100FD0242 /* Build configuration list for PBXNativeTarget "rubik" */;
			buildPhases = (
				63FE270D2A1B21FE00FD0242 /* Sources */,
				63FE270E2A1B21FE00FD0242 /* Frameworks */,
				63FE270F2A1B21FE00FD0242 /* Resources */,
			);
			buildRules = (
			);
			dependencies = (
			);
			name = rubik;
			productName = rubik;
			productReference = 63FE27112A1B21FE00FD0242 /* rubik.app */;
			productType = "com.apple.product-type.application";
		};
/* End PBXNativeTarget section */

/* Begin PBXProject section */
		63FE27092A1B21FE00FD0242 /* Project object */ = {
			isa = PBXProject;
			attributes = {
				BuildIndependentTargetsInParallel = 1;
				LastSwiftUpdateCheck = 1420;
				LastUpgradeCheck = 1420;
				TargetAttributes = {
					6383B5852A2AEDB4004E64DE = {
						CreatedOnToolsVersion = 14.2;
						TestTargetID = 63FE27102A1B21FE00FD0242;
					};
					63FE27102A1B21FE00FD0242 = {
						CreatedOnToolsVersion = 14.2;
					};
				};
			};
			buildConfigurationList = 63FE270C2A1B21FE00FD0242 /* Build configuration list for PBXProject "rubik" */;
			compatibilityVersion = "Xcode 14.0";
			developmentRegion = en;
			hasScannedForEncodings = 0;
			knownRegions = (
				en,
				Base,
			);
			mainGroup = 63FE27082A1B21FE00FD0242;
			productRefGroup = 63FE27122A1B21FE00FD0242 /* Products */;
			projectDirPath = "";
			projectRoot = "";
			targets = (
				63FE27102A1B21FE00FD0242 /* rubik */,
				6383B5852A2AEDB4004E64DE /* rubikTests */,
			);
		};
/* End PBXProject section */

/* Begin PBXResourcesBuildPhase section */
		6383B5842A2AEDB4004E64DE /* Resources */ = {
			isa = PBXResourcesBuildPhase;
			buildActionMask = 2147483647;
			files = (
			);
			runOnlyForDeploymentPostprocessing = 0;
		};
		63FE270F2A1B21FE00FD0242 /* Resources */ = {
			isa = PBXResourcesBuildPhase;
			buildActionMask = 2147483647;
			files = (
				63FE271C2A1B220100FD0242 /* Preview Assets.xcassets in Resources */,
				63FE27192A1B220100FD0242 /* Assets.xcassets in Resources */,
			);
			runOnlyForDeploymentPostprocessing = 0;
		};
/* End PBXResourcesBuildPhase section */

/* Begin PBXSourcesBuildPhase section */
		6383B5822A2AEDB4004E64DE /* Sources */ = {
			isa = PBXSourcesBuildPhase;
			buildActionMask = 2147483647;
			files = (
				6371D3332A31692A00DBABFC /* rubikTurnTests.swift in Sources */,
				6371D32F2A3168B300DBABFC /* rubikSolvedTests.swift in Sources */,
				6383B5892A2AEDB4004E64DE /* rubikTests.swift in Sources */,
				6371D3312A3168F200DBABFC /* rubikSolvableTests.swift in Sources */,
			);
			runOnlyForDeploymentPostprocessing = 0;
		};
		63FE270D2A1B21FE00FD0242 /* Sources */ = {
			isa = PBXSourcesBuildPhase;
			buildActionMask = 2147483647;
			files = (
				6371D3212A3145A800DBABFC /* Edge+Flip.swift in Sources */,
				6390D4C02A2ED6910074EEBD /* Array+PositionSubscript.swift in Sources */,
				6371D3232A3145B400DBABFC /* Corner+Twist.swift in Sources */,
				6371D32D2A314D8B00DBABFC /* CornerOrientation.swift in Sources */,
				6371D3162A3022DC00DBABFC /* Cube+Solvable.swift in Sources */,
				6371D3292A314D4700DBABFC /* CornerPosition.swift in Sources */,
				6383B57E2A2ADB5C004E64DE /* Cube.swift in Sources */,
				6371D31F2A31459000DBABFC /* Corner.swift in Sources */,
				6371D32B2A314D7B00DBABFC /* EdgeOrientation.swift in Sources */,
				638248A22A1D9E19006058B8 /* CameraView.swift in Sources */,
				6371D31D2A31457200DBABFC /* Edge.swift in Sources */,
				6383B5902A2D39D8004E64DE /* Cubelet.swift in Sources */,
				63FE27172A1B21FE00FD0242 /* RootView.swift in Sources */,
				6390D4BE2A2EC15B0074EEBD /* Turn.swift in Sources */,
				6371D3182A30231200DBABFC /* Cube+Turn.swift in Sources */,
				63FE27152A1B21FE00FD0242 /* rubikApp.swift in Sources */,
				6371D3142A3022BC00DBABFC /* Cube+Solved.swift in Sources */,
				6371D3272A314D3600DBABFC /* EdgePosition.swift in Sources */,
			);
			runOnlyForDeploymentPostprocessing = 0;
		};
/* End PBXSourcesBuildPhase section */

/* Begin PBXTargetDependency section */
		6383B58B2A2AEDB4004E64DE /* PBXTargetDependency */ = {
			isa = PBXTargetDependency;
			target = 63FE27102A1B21FE00FD0242 /* rubik */;
			targetProxy = 6383B58A2A2AEDB4004E64DE /* PBXContainerItemProxy */;
		};
/* End PBXTargetDependency section */

/* Begin XCBuildConfiguration section */
		6383B58D2A2AEDB4004E64DE /* Debug */ = {
			isa = XCBuildConfiguration;
			buildSettings = {
				BUNDLE_LOADER = "$(TEST_HOST)";
				CODE_SIGN_STYLE = Automatic;
				CURRENT_PROJECT_VERSION = 1;
				DEVELOPMENT_TEAM = UY72C74W7W;
				GENERATE_INFOPLIST_FILE = YES;
				MARKETING_VERSION = 1.0;
				PRODUCT_BUNDLE_IDENTIFIER = org.bagley.tracey.rubikTests;
				PRODUCT_NAME = "$(TARGET_NAME)";
				SWIFT_EMIT_LOC_STRINGS = NO;
				SWIFT_VERSION = 5.0;
				TARGETED_DEVICE_FAMILY = "1,2";
				TEST_HOST = "$(BUILT_PRODUCTS_DIR)/rubik.app/$(BUNDLE_EXECUTABLE_FOLDER_PATH)/rubik";
			};
			name = Debug;
		};
		6383B58E2A2AEDB4004E64DE /* Release */ = {
			isa = XCBuildConfiguration;
			buildSettings = {
				BUNDLE_LOADER = "$(TEST_HOST)";
				CODE_SIGN_STYLE = Automatic;
				CURRENT_PROJECT_VERSION = 1;
				DEVELOPMENT_TEAM = UY72C74W7W;
				GENERATE_INFOPLIST_FILE = YES;
				MARKETING_VERSION = 1.0;
				PRODUCT_BUNDLE_IDENTIFIER = org.bagley.tracey.rubikTests;
				PRODUCT_NAME = "$(TARGET_NAME)";
				SWIFT_EMIT_LOC_STRINGS = NO;
				SWIFT_VERSION = 5.0;
				TARGETED_DEVICE_FAMILY = "1,2";
				TEST_HOST = "$(BUILT_PRODUCTS_DIR)/rubik.app/$(BUNDLE_EXECUTABLE_FOLDER_PATH)/rubik";
			};
			name = Release;
		};
		63FE271D2A1B220100FD0242 /* Debug */ = {
			isa = XCBuildConfiguration;
			buildSettings = {
				ALWAYS_SEARCH_USER_PATHS = NO;
				CLANG_ANALYZER_NONNULL = YES;
				CLANG_ANALYZER_NUMBER_OBJECT_CONVERSION = YES_AGGRESSIVE;
				CLANG_CXX_LANGUAGE_STANDARD = "gnu++20";
				CLANG_ENABLE_MODULES = YES;
				CLANG_ENABLE_OBJC_ARC = YES;
				CLANG_ENABLE_OBJC_WEAK = YES;
				CLANG_WARN_BLOCK_CAPTURE_AUTORELEASING = YES;
				CLANG_WARN_BOOL_CONVERSION = YES;
				CLANG_WARN_COMMA = YES;
				CLANG_WARN_CONSTANT_CONVERSION = YES;
				CLANG_WARN_DEPRECATED_OBJC_IMPLEMENTATIONS = YES;
				CLANG_WARN_DIRECT_OBJC_ISA_USAGE = YES_ERROR;
				CLANG_WARN_DOCUMENTATION_COMMENTS = YES;
				CLANG_WARN_EMPTY_BODY = YES;
				CLANG_WARN_ENUM_CONVERSION = YES;
				CLANG_WARN_INFINITE_RECURSION = YES;
				CLANG_WARN_INT_CONVERSION = YES;
				CLANG_WARN_NON_LITERAL_NULL_CONVERSION = YES;
				CLANG_WARN_OBJC_IMPLICIT_RETAIN_SELF = YES;
				CLANG_WARN_OBJC_LITERAL_CONVERSION = YES;
				CLANG_WARN_OBJC_ROOT_CLASS = YES_ERROR;
				CLANG_WARN_QUOTED_INCLUDE_IN_FRAMEWORK_HEADER = YES;
				CLANG_WARN_RANGE_LOOP_ANALYSIS = YES;
				CLANG_WARN_STRICT_PROTOTYPES = YES;
				CLANG_WARN_SUSPICIOUS_MOVE = YES;
				CLANG_WARN_UNGUARDED_AVAILABILITY = YES_AGGRESSIVE;
				CLANG_WARN_UNREACHABLE_CODE = YES;
				CLANG_WARN__DUPLICATE_METHOD_MATCH = YES;
				COPY_PHASE_STRIP = NO;
				DEBUG_INFORMATION_FORMAT = dwarf;
				ENABLE_STRICT_OBJC_MSGSEND = YES;
				ENABLE_TESTABILITY = YES;
				GCC_C_LANGUAGE_STANDARD = gnu11;
				GCC_DYNAMIC_NO_PIC = NO;
				GCC_NO_COMMON_BLOCKS = YES;
				GCC_OPTIMIZATION_LEVEL = 0;
				GCC_PREPROCESSOR_DEFINITIONS = (
					"DEBUG=1",
					"$(inherited)",
				);
				GCC_WARN_64_TO_32_BIT_CONVERSION = YES;
				GCC_WARN_ABOUT_RETURN_TYPE = YES_ERROR;
				GCC_WARN_UNDECLARED_SELECTOR = YES;
				GCC_WARN_UNINITIALIZED_AUTOS = YES_AGGRESSIVE;
				GCC_WARN_UNUSED_FUNCTION = YES;
				GCC_WARN_UNUSED_VARIABLE = YES;
				IPHONEOS_DEPLOYMENT_TARGET = 16.2;
				MTL_ENABLE_DEBUG_INFO = INCLUDE_SOURCE;
				MTL_FAST_MATH = YES;
				ONLY_ACTIVE_ARCH = YES;
				SDKROOT = iphoneos;
				SWIFT_ACTIVE_COMPILATION_CONDITIONS = DEBUG;
				SWIFT_OPTIMIZATION_LEVEL = "-Onone";
			};
			name = Debug;
		};
		63FE271E2A1B220100FD0242 /* Release */ = {
			isa = XCBuildConfiguration;
			buildSettings = {
				ALWAYS_SEARCH_USER_PATHS = NO;
				CLANG_ANALYZER_NONNULL = YES;
				CLANG_ANALYZER_NUMBER_OBJECT_CONVERSION = YES_AGGRESSIVE;
				CLANG_CXX_LANGUAGE_STANDARD = "gnu++20";
				CLANG_ENABLE_MODULES = YES;
				CLANG_ENABLE_OBJC_ARC = YES;
				CLANG_ENABLE_OBJC_WEAK = YES;
				CLANG_WARN_BLOCK_CAPTURE_AUTORELEASING = YES;
				CLANG_WARN_BOOL_CONVERSION = YES;
				CLANG_WARN_COMMA = YES;
				CLANG_WARN_CONSTANT_CONVERSION = YES;
				CLANG_WARN_DEPRECATED_OBJC_IMPLEMENTATIONS = YES;
				CLANG_WARN_DIRECT_OBJC_ISA_USAGE = YES_ERROR;
				CLANG_WARN_DOCUMENTATION_COMMENTS = YES;
				CLANG_WARN_EMPTY_BODY = YES;
				CLANG_WARN_ENUM_CONVERSION = YES;
				CLANG_WARN_INFINITE_RECURSION = YES;
				CLANG_WARN_INT_CONVERSION = YES;
				CLANG_WARN_NON_LITERAL_NULL_CONVERSION = YES;
				CLANG_WARN_OBJC_IMPLICIT_RETAIN_SELF = YES;
				CLANG_WARN_OBJC_LITERAL_CONVERSION = YES;
				CLANG_WARN_OBJC_ROOT_CLASS = YES_ERROR;
				CLANG_WARN_QUOTED_INCLUDE_IN_FRAMEWORK_HEADER = YES;
				CLANG_WARN_RANGE_LOOP_ANALYSIS = YES;
				CLANG_WARN_STRICT_PROTOTYPES = YES;
				CLANG_WARN_SUSPICIOUS_MOVE = YES;
				CLANG_WARN_UNGUARDED_AVAILABILITY = YES_AGGRESSIVE;
				CLANG_WARN_UNREACHABLE_CODE = YES;
				CLANG_WARN__DUPLICATE_METHOD_MATCH = YES;
				COPY_PHASE_STRIP = NO;
				DEBUG_INFORMATION_FORMAT = "dwarf-with-dsym";
				ENABLE_NS_ASSERTIONS = NO;
				ENABLE_STRICT_OBJC_MSGSEND = YES;
				GCC_C_LANGUAGE_STANDARD = gnu11;
				GCC_NO_COMMON_BLOCKS = YES;
				GCC_WARN_64_TO_32_BIT_CONVERSION = YES;
				GCC_WARN_ABOUT_RETURN_TYPE = YES_ERROR;
				GCC_WARN_UNDECLARED_SELECTOR = YES;
				GCC_WARN_UNINITIALIZED_AUTOS = YES_AGGRESSIVE;
				GCC_WARN_UNUSED_FUNCTION = YES;
				GCC_WARN_UNUSED_VARIABLE = YES;
				IPHONEOS_DEPLOYMENT_TARGET = 16.2;
				MTL_ENABLE_DEBUG_INFO = NO;
				MTL_FAST_MATH = YES;
				SDKROOT = iphoneos;
				SWIFT_COMPILATION_MODE = wholemodule;
				SWIFT_OPTIMIZATION_LEVEL = "-O";
				VALIDATE_PRODUCT = YES;
			};
			name = Release;
		};
		63FE27202A1B220100FD0242 /* Debug */ = {
			isa = XCBuildConfiguration;
			buildSettings = {
				ASSETCATALOG_COMPILER_APPICON_NAME = AppIcon;
				ASSETCATALOG_COMPILER_GLOBAL_ACCENT_COLOR_NAME = AccentColor;
				CODE_SIGN_STYLE = Automatic;
				CURRENT_PROJECT_VERSION = 1;
				DEVELOPMENT_ASSET_PATHS = "\"rubik/Preview Content\"";
				DEVELOPMENT_TEAM = UY72C74W7W;
				ENABLE_PREVIEWS = YES;
				GENERATE_INFOPLIST_FILE = YES;
				INFOPLIST_KEY_UIApplicationSceneManifest_Generation = YES;
				INFOPLIST_KEY_UIApplicationSupportsIndirectInputEvents = YES;
				INFOPLIST_KEY_UILaunchScreen_Generation = YES;
				INFOPLIST_KEY_UISupportedInterfaceOrientations_iPad = "UIInterfaceOrientationPortrait UIInterfaceOrientationPortraitUpsideDown UIInterfaceOrientationLandscapeLeft UIInterfaceOrientationLandscapeRight";
				INFOPLIST_KEY_UISupportedInterfaceOrientations_iPhone = "UIInterfaceOrientationPortrait UIInterfaceOrientationLandscapeLeft UIInterfaceOrientationLandscapeRight";
				LD_RUNPATH_SEARCH_PATHS = (
					"$(inherited)",
					"@executable_path/Frameworks",
				);
				MARKETING_VERSION = 1.0;
				PRODUCT_BUNDLE_IDENTIFIER = org.bagley.tracey.rubik;
				PRODUCT_NAME = "$(TARGET_NAME)";
				SWIFT_EMIT_LOC_STRINGS = YES;
				SWIFT_VERSION = 5.0;
				TARGETED_DEVICE_FAMILY = "1,2";
			};
			name = Debug;
		};
		63FE27212A1B220100FD0242 /* Release */ = {
			isa = XCBuildConfiguration;
			buildSettings = {
				ASSETCATALOG_COMPILER_APPICON_NAME = AppIcon;
				ASSETCATALOG_COMPILER_GLOBAL_ACCENT_COLOR_NAME = AccentColor;
				CODE_SIGN_STYLE = Automatic;
				CURRENT_PROJECT_VERSION = 1;
				DEVELOPMENT_ASSET_PATHS = "\"rubik/Preview Content\"";
				DEVELOPMENT_TEAM = UY72C74W7W;
				ENABLE_PREVIEWS = YES;
				GENERATE_INFOPLIST_FILE = YES;
				INFOPLIST_KEY_UIApplicationSceneManifest_Generation = YES;
				INFOPLIST_KEY_UIApplicationSupportsIndirectInputEvents = YES;
				INFOPLIST_KEY_UILaunchScreen_Generation = YES;
				INFOPLIST_KEY_UISupportedInterfaceOrientations_iPad = "UIInterfaceOrientationPortrait UIInterfaceOrientationPortraitUpsideDown UIInterfaceOrientationLandscapeLeft UIInterfaceOrientationLandscapeRight";
				INFOPLIST_KEY_UISupportedInterfaceOrientations_iPhone = "UIInterfaceOrientationPortrait UIInterfaceOrientationLandscapeLeft UIInterfaceOrientationLandscapeRight";
				LD_RUNPATH_SEARCH_PATHS = (
					"$(inherited)",
					"@executable_path/Frameworks",
				);
				MARKETING_VERSION = 1.0;
				PRODUCT_BUNDLE_IDENTIFIER = org.bagley.tracey.rubik;
				PRODUCT_NAME = "$(TARGET_NAME)";
				SWIFT_EMIT_LOC_STRINGS = YES;
				SWIFT_VERSION = 5.0;
				TARGETED_DEVICE_FAMILY = "1,2";
			};
			name = Release;
		};
/* End XCBuildConfiguration section */

/* Begin XCConfigurationList section */
		6383B58C2A2AEDB4004E64DE /* Build configuration list for PBXNativeTarget "rubikTests" */ = {
			isa = XCConfigurationList;
			buildConfigurations = (
				6383B58D2A2AEDB4004E64DE /* Debug */,
				6383B58E2A2AEDB4004E64DE /* Release */,
			);
			defaultConfigurationIsVisible = 0;
			defaultConfigurationName = Release;
		};
		63FE270C2A1B21FE00FD0242 /* Build configuration list for PBXProject "rubik" */ = {
			isa = XCConfigurationList;
			buildConfigurations = (
				63FE271D2A1B220100FD0242 /* Debug */,
				63FE271E2A1B220100FD0242 /* Release */,
			);
			defaultConfigurationIsVisible = 0;
			defaultConfigurationName = Release;
		};
		63FE271F2A1B220100FD0242 /* Build configuration list for PBXNativeTarget "rubik" */ = {
			isa = XCConfigurationList;
			buildConfigurations = (
				63FE27202A1B220100FD0242 /* Debug */,
				63FE27212A1B220100FD0242 /* Release */,
			);
			defaultConfigurationIsVisible = 0;
			defaultConfigurationName = Release;
		};
/* End XCConfigurationList section */
	};
	rootObject = 63FE27092A1B21FE00FD0242 /* Project object */;
}
